{
  "name": "capacitor-admob",
  "version": "1.0.0",
  "lockfileVersion": 1,
  "requires": true,
  "dependencies": {
    "@capacitor/android": {
      "version": "2.1.1",
      "resolved": "https://registry.npmjs.org/@capacitor/android/-/android-2.1.1.tgz",
      "integrity": "sha512-S5GOO+ZIfILUGA1FkHH7Ihd28nmVQcnDJUKtMte9ZrztZEmrIvqC2AWIZtJeNR7AVFwTlx2Pa8PcmZK76hFRVQ==",
      "dev": true
    },
    "@capacitor/core": {
      "version": "2.1.1",
      "resolved": "https://registry.npmjs.org/@capacitor/core/-/core-2.1.1.tgz",
      "integrity": "sha512-BJwBJ8TycicCMzFFAUNJ2bkjT0QO5+kWapTvqDOqceLD2wNSP37bLtrohWKV/BkKpLclOxzp4cMlCm9VIlh5yA==",
      "requires": {
        "tslib": "^1.9.0"
      }
    },
    "@capacitor/ios": {
      "version": "2.1.1",
      "resolved": "https://registry.npmjs.org/@capacitor/ios/-/ios-2.1.1.tgz",
      "integrity": "sha512-DMhAY3QNJHF/o0yBxh9RZlLVhQQ5KbzAkxFSp5wgpUl80NoEsGef7F8LU7BNjeahkaGNIe3YVbSq7CwSkd+3ZQ==",
      "dev": true
    },
    "tslib": {
      "version": "1.13.0",
      "resolved": "https://registry.npmjs.org/tslib/-/tslib-1.13.0.tgz",
      "integrity": "sha512-i/6DQjL8Xf3be4K/E6Wgpekn5Qasl1usyw++dAA35Ue5orEn65VIxOA+YvNNl9HV3qv70T7CNwjODHZrLwvd1Q=="
    },
    "typescript": {
      "version": "3.7.3",
      "resolved": "https://registry.npmjs.org/typescript/-/typescript-3.7.3.tgz",
      "integrity": "sha512-Mcr/Qk7hXqFBXMN7p7Lusj1ktCBydylfQM/FZCk5glCNQJrCUKPkMHdo9R0MTFWsC/4kPFvDS0fDPvukfCkFsw==",
      "dev": true
    }
  }
}
